// !$*UTF8*$!
{
	archiveVersion = 1;
	classes = {
	};
	objectVersion = 55;
	objects = {

/* Begin PBXBuildFile section */
		0804583E28C3B2160046060A /* ContrastResult.swift in Sources */ = {isa = PBXBuildFile; fileRef = 0804583D28C3B2160046060A /* ContrastResult.swift */; };
		080E63BC28E305C60041AE85 /* PersistedDataModel.xcdatamodeld in Sources */ = {isa = PBXBuildFile; fileRef = 080E63BA28E305C60041AE85 /* PersistedDataModel.xcdatamodeld */; };
		080E63BF28E305F70041AE85 /* PickedColorPair+CoreDataClass.swift in Sources */ = {isa = PBXBuildFile; fileRef = 080E63BD28E305F70041AE85 /* PickedColorPair+CoreDataClass.swift */; };
		080E63C028E305F70041AE85 /* PickedColorPair+CoreDataProperties.swift in Sources */ = {isa = PBXBuildFile; fileRef = 080E63BE28E305F70041AE85 /* PickedColorPair+CoreDataProperties.swift */; };
		0826576428C225540069D5C5 /* Assets.xcassets in Resources */ = {isa = PBXBuildFile; fileRef = 0826576328C225540069D5C5 /* Assets.xcassets */; };
		0826577228C225540069D5C5 /* contrasterTests.swift in Sources */ = {isa = PBXBuildFile; fileRef = 0826577128C225540069D5C5 /* contrasterTests.swift */; };
		0826577C28C225540069D5C5 /* contrasterUITests.swift in Sources */ = {isa = PBXBuildFile; fileRef = 0826577B28C225540069D5C5 /* contrasterUITests.swift */; };
		0826577E28C225540069D5C5 /* contrasterUITestsLaunchTests.swift in Sources */ = {isa = PBXBuildFile; fileRef = 0826577D28C225540069D5C5 /* contrasterUITestsLaunchTests.swift */; };
		082E258F28C632DB00AF46DF /* Line.swift in Sources */ = {isa = PBXBuildFile; fileRef = 082E258E28C632DB00AF46DF /* Line.swift */; };
		082E259128C6343300AF46DF /* JoiningLine.swift in Sources */ = {isa = PBXBuildFile; fileRef = 082E259028C6343300AF46DF /* JoiningLine.swift */; };
		0848F72028DC84FF00940802 /* MouseTrap.swift in Sources */ = {isa = PBXBuildFile; fileRef = 0848F71F28DC84FF00940802 /* MouseTrap.swift */; };
		0866CAEC28C2613A0092633D /* Main.swift in Sources */ = {isa = PBXBuildFile; fileRef = 0866CAEA28C2613A0092633D /* Main.swift */; };
		0866CAED28C2613A0092633D /* About.swift in Sources */ = {isa = PBXBuildFile; fileRef = 0866CAEB28C2613A0092633D /* About.swift */; };
		0866CAEF28C261540092633D /* PagerView.swift in Sources */ = {isa = PBXBuildFile; fileRef = 0866CAEE28C261540092633D /* PagerView.swift */; };
		0866CAF728C264820092633D /* Info.plist in Resources */ = {isa = PBXBuildFile; fileRef = 0866CAF628C264820092633D /* Info.plist */; };
		0866CAF828C265500092633D /* Main.storyboard in Resources */ = {isa = PBXBuildFile; fileRef = 0866CAF228C264410092633D /* Main.storyboard */; };
		0866CAFB28C265CF0092633D /* ColourPreview.swift in Sources */ = {isa = PBXBuildFile; fileRef = 0866CAFA28C265CF0092633D /* ColourPreview.swift */; };
		0866CAFE28C26A950092633D /* Color+Functions.swift in Sources */ = {isa = PBXBuildFile; fileRef = 0866CAFD28C26A950092633D /* Color+Functions.swift */; };
		086C010628D511A600C59051 /* NSScreen+Functions.swift in Sources */ = {isa = PBXBuildFile; fileRef = 086C010528D511A600C59051 /* NSScreen+Functions.swift */; };
		086C010828D511CB00C59051 /* ScreenHelper.swift in Sources */ = {isa = PBXBuildFile; fileRef = 086C010728D511CB00C59051 /* ScreenHelper.swift */; };
		088AC0EB28C8E35300153A74 /* ResultsModel.swift in Sources */ = {isa = PBXBuildFile; fileRef = 088AC0EA28C8E35300153A74 /* ResultsModel.swift */; };
		088AC0ED28C8E3F100153A74 /* Compliance.swift in Sources */ = {isa = PBXBuildFile; fileRef = 088AC0EC28C8E3F100153A74 /* Compliance.swift */; };
		088AC0F228C905F200153A74 /* ColourPicker.swift in Sources */ = {isa = PBXBuildFile; fileRef = 088AC0F128C905F200153A74 /* ColourPicker.swift */; };
		089B04BF28DB507F00213E38 /* AppModel.swift in Sources */ = {isa = PBXBuildFile; fileRef = 089B04BE28DB507F00213E38 /* AppModel.swift */; };
		08B0CC9028E30793004A319C /* CoreDataHelper.swift in Sources */ = {isa = PBXBuildFile; fileRef = 08B0CC8F28E30793004A319C /* CoreDataHelper.swift */; };
		08B0CC9228E307BB004A319C /* CoreDataStack.swift in Sources */ = {isa = PBXBuildFile; fileRef = 08B0CC9128E307BB004A319C /* CoreDataStack.swift */; };
		08D2E2BC28DCC69E0088428F /* InterfaceConstants.swift in Sources */ = {isa = PBXBuildFile; fileRef = 08D2E2BB28DCC69E0088428F /* InterfaceConstants.swift */; };
		08DF062828C2298300F1B733 /* AppDelegate.swift in Sources */ = {isa = PBXBuildFile; fileRef = 08DF062728C2298300F1B733 /* AppDelegate.swift */; };
		08DF062A28C229B500F1B733 /* AppDelegate+Functions.swift in Sources */ = {isa = PBXBuildFile; fileRef = 08DF062928C229B500F1B733 /* AppDelegate+Functions.swift */; };
		08E6E68528E560C90093D89B /* Settings+CoreDataClass.swift in Sources */ = {isa = PBXBuildFile; fileRef = 08E6E68328E560C90093D89B /* Settings+CoreDataClass.swift */; };
		08E6E68628E560C90093D89B /* Settings+CoreDataProperties.swift in Sources */ = {isa = PBXBuildFile; fileRef = 08E6E68428E560C90093D89B /* Settings+CoreDataProperties.swift */; };
		08EADAA828E22E98001289BD /* GButton.swift in Sources */ = {isa = PBXBuildFile; fileRef = 08EADAA728E22E98001289BD /* GButton.swift */; };
		08EAF87E28E5A4DD00945397 /* Tutorial.swift in Sources */ = {isa = PBXBuildFile; fileRef = 08EAF87D28E5A4DD00945397 /* Tutorial.swift */; };
		08F6419E28C3AD10008EB225 /* ContrastResults.swift in Sources */ = {isa = PBXBuildFile; fileRef = 08F6419D28C3AD10008EB225 /* ContrastResults.swift */; };
		08FFE00228DC701500B3B2C4 /* ContrastResultsAnimated.swift in Sources */ = {isa = PBXBuildFile; fileRef = 08FFE00128DC701500B3B2C4 /* ContrastResultsAnimated.swift */; };
/* End PBXBuildFile section */

/* Begin PBXContainerItemProxy section */
		0826576E28C225540069D5C5 /* PBXContainerItemProxy */ = {
			isa = PBXContainerItemProxy;
			containerPortal = 0826575428C225510069D5C5 /* Project object */;
			proxyType = 1;
			remoteGlobalIDString = 0826575B28C225510069D5C5;
			remoteInfo = Contraster;
		};
		0826577828C225540069D5C5 /* PBXContainerItemProxy */ = {
			isa = PBXContainerItemProxy;
			containerPortal = 0826575428C225510069D5C5 /* Project object */;
			proxyType = 1;
			remoteGlobalIDString = 0826575B28C225510069D5C5;
			remoteInfo = Contraster;
		};
/* End PBXContainerItemProxy section */

/* Begin PBXFileReference section */
		0804583D28C3B2160046060A /* ContrastResult.swift */ = {isa = PBXFileReference; lastKnownFileType = sourcecode.swift; path = ContrastResult.swift; sourceTree = "<group>"; };
		080E63BB28E305C60041AE85 /* PersistedDataModel.xcdatamodel */ = {isa = PBXFileReference; lastKnownFileType = wrapper.xcdatamodel; path = PersistedDataModel.xcdatamodel; sourceTree = "<group>"; };
		080E63BD28E305F70041AE85 /* PickedColorPair+CoreDataClass.swift */ = {isa = PBXFileReference; lastKnownFileType = sourcecode.swift; name = "PickedColorPair+CoreDataClass.swift"; path = "Contraster/PickedColorPair+CoreDataClass.swift"; sourceTree = "<group>"; };
		080E63BE28E305F70041AE85 /* PickedColorPair+CoreDataProperties.swift */ = {isa = PBXFileReference; lastKnownFileType = sourcecode.swift; name = "PickedColorPair+CoreDataProperties.swift"; path = "Contraster/PickedColorPair+CoreDataProperties.swift"; sourceTree = "<group>"; };
		0826575C28C225510069D5C5 /* Contraster.app */ = {isa = PBXFileReference; explicitFileType = wrapper.application; includeInIndex = 0; path = Contraster.app; sourceTree = BUILT_PRODUCTS_DIR; };
		0826576328C225540069D5C5 /* Assets.xcassets */ = {isa = PBXFileReference; lastKnownFileType = folder.assetcatalog; path = Assets.xcassets; sourceTree = "<group>"; };
		0826576D28C225540069D5C5 /* ContrasterTests.xctest */ = {isa = PBXFileReference; explicitFileType = wrapper.cfbundle; includeInIndex = 0; path = ContrasterTests.xctest; sourceTree = BUILT_PRODUCTS_DIR; };
		0826577128C225540069D5C5 /* contrasterTests.swift */ = {isa = PBXFileReference; lastKnownFileType = sourcecode.swift; path = contrasterTests.swift; sourceTree = "<group>"; };
		0826577728C225540069D5C5 /* ContrasterUITests.xctest */ = {isa = PBXFileReference; explicitFileType = wrapper.cfbundle; includeInIndex = 0; path = ContrasterUITests.xctest; sourceTree = BUILT_PRODUCTS_DIR; };
		0826577B28C225540069D5C5 /* contrasterUITests.swift */ = {isa = PBXFileReference; lastKnownFileType = sourcecode.swift; path = contrasterUITests.swift; sourceTree = "<group>"; };
		0826577D28C225540069D5C5 /* contrasterUITestsLaunchTests.swift */ = {isa = PBXFileReference; lastKnownFileType = sourcecode.swift; path = contrasterUITestsLaunchTests.swift; sourceTree = "<group>"; };
		082E258E28C632DB00AF46DF /* Line.swift */ = {isa = PBXFileReference; lastKnownFileType = sourcecode.swift; path = Line.swift; sourceTree = "<group>"; };
		082E259028C6343300AF46DF /* JoiningLine.swift */ = {isa = PBXFileReference; lastKnownFileType = sourcecode.swift; path = JoiningLine.swift; sourceTree = "<group>"; };
		0848F71F28DC84FF00940802 /* MouseTrap.swift */ = {isa = PBXFileReference; lastKnownFileType = sourcecode.swift; path = MouseTrap.swift; sourceTree = "<group>"; };
		0866CAEA28C2613A0092633D /* Main.swift */ = {isa = PBXFileReference; fileEncoding = 4; lastKnownFileType = sourcecode.swift; path = Main.swift; sourceTree = "<group>"; };
		0866CAEB28C2613A0092633D /* About.swift */ = {isa = PBXFileReference; fileEncoding = 4; lastKnownFileType = sourcecode.swift; path = About.swift; sourceTree = "<group>"; };
		0866CAEE28C261540092633D /* PagerView.swift */ = {isa = PBXFileReference; lastKnownFileType = sourcecode.swift; path = PagerView.swift; sourceTree = "<group>"; };
		0866CAF228C264410092633D /* Main.storyboard */ = {isa = PBXFileReference; lastKnownFileType = file.storyboard; path = Main.storyboard; sourceTree = "<group>"; };
		0866CAF528C264820092633D /* Contraster.entitlements */ = {isa = PBXFileReference; fileEncoding = 4; lastKnownFileType = text.plist.entitlements; path = Contraster.entitlements; sourceTree = "<group>"; };
		0866CAF628C264820092633D /* Info.plist */ = {isa = PBXFileReference; fileEncoding = 4; lastKnownFileType = text.plist.xml; path = Info.plist; sourceTree = "<group>"; };
		0866CAFA28C265CF0092633D /* ColourPreview.swift */ = {isa = PBXFileReference; lastKnownFileType = sourcecode.swift; path = ColourPreview.swift; sourceTree = "<group>"; };
		0866CAFD28C26A950092633D /* Color+Functions.swift */ = {isa = PBXFileReference; lastKnownFileType = sourcecode.swift; path = "Color+Functions.swift"; sourceTree = "<group>"; };
		086C010528D511A600C59051 /* NSScreen+Functions.swift */ = {isa = PBXFileReference; lastKnownFileType = sourcecode.swift; path = "NSScreen+Functions.swift"; sourceTree = "<group>"; };
		086C010728D511CB00C59051 /* ScreenHelper.swift */ = {isa = PBXFileReference; lastKnownFileType = sourcecode.swift; path = ScreenHelper.swift; sourceTree = "<group>"; };
		088AC0EA28C8E35300153A74 /* ResultsModel.swift */ = {isa = PBXFileReference; lastKnownFileType = sourcecode.swift; path = ResultsModel.swift; sourceTree = "<group>"; };
		088AC0EC28C8E3F100153A74 /* Compliance.swift */ = {isa = PBXFileReference; lastKnownFileType = sourcecode.swift; path = Compliance.swift; sourceTree = "<group>"; };
		088AC0F128C905F200153A74 /* ColourPicker.swift */ = {isa = PBXFileReference; lastKnownFileType = sourcecode.swift; path = ColourPicker.swift; sourceTree = "<group>"; };
		089B04BE28DB507F00213E38 /* AppModel.swift */ = {isa = PBXFileReference; lastKnownFileType = sourcecode.swift; path = AppModel.swift; sourceTree = "<group>"; };
		08B0CC8F28E30793004A319C /* CoreDataHelper.swift */ = {isa = PBXFileReference; lastKnownFileType = sourcecode.swift; path = CoreDataHelper.swift; sourceTree = "<group>"; };
		08B0CC9128E307BB004A319C /* CoreDataStack.swift */ = {isa = PBXFileReference; lastKnownFileType = sourcecode.swift; path = CoreDataStack.swift; sourceTree = "<group>"; };
		08D2E2BB28DCC69E0088428F /* InterfaceConstants.swift */ = {isa = PBXFileReference; lastKnownFileType = sourcecode.swift; path = InterfaceConstants.swift; sourceTree = "<group>"; };
		08DF062728C2298300F1B733 /* AppDelegate.swift */ = {isa = PBXFileReference; lastKnownFileType = sourcecode.swift; path = AppDelegate.swift; sourceTree = "<group>"; };
		08DF062928C229B500F1B733 /* AppDelegate+Functions.swift */ = {isa = PBXFileReference; lastKnownFileType = sourcecode.swift; path = "AppDelegate+Functions.swift"; sourceTree = "<group>"; };
		08E6E68328E560C90093D89B /* Settings+CoreDataClass.swift */ = {isa = PBXFileReference; lastKnownFileType = sourcecode.swift; name = "Settings+CoreDataClass.swift"; path = "Contraster/Settings+CoreDataClass.swift"; sourceTree = "<group>"; };
		08E6E68428E560C90093D89B /* Settings+CoreDataProperties.swift */ = {isa = PBXFileReference; lastKnownFileType = sourcecode.swift; name = "Settings+CoreDataProperties.swift"; path = "Contraster/Settings+CoreDataProperties.swift"; sourceTree = "<group>"; };
		08EADAA728E22E98001289BD /* GButton.swift */ = {isa = PBXFileReference; lastKnownFileType = sourcecode.swift; path = GButton.swift; sourceTree = "<group>"; };
		08EAF87D28E5A4DD00945397 /* Tutorial.swift */ = {isa = PBXFileReference; lastKnownFileType = sourcecode.swift; path = Tutorial.swift; sourceTree = "<group>"; };
		08F6419D28C3AD10008EB225 /* ContrastResults.swift */ = {isa = PBXFileReference; lastKnownFileType = sourcecode.swift; path = ContrastResults.swift; sourceTree = "<group>"; };
		08FFE00128DC701500B3B2C4 /* ContrastResultsAnimated.swift */ = {isa = PBXFileReference; lastKnownFileType = sourcecode.swift; path = ContrastResultsAnimated.swift; sourceTree = "<group>"; };
/* End PBXFileReference section */

/* Begin PBXFrameworksBuildPhase section */
		0826575928C225510069D5C5 /* Frameworks */ = {
			isa = PBXFrameworksBuildPhase;
			buildActionMask = 2147483647;
			files = (
			);
			runOnlyForDeploymentPostprocessing = 0;
		};
		0826576A28C225540069D5C5 /* Frameworks */ = {
			isa = PBXFrameworksBuildPhase;
			buildActionMask = 2147483647;
			files = (
			);
			runOnlyForDeploymentPostprocessing = 0;
		};
		0826577428C225540069D5C5 /* Frameworks */ = {
			isa = PBXFrameworksBuildPhase;
			buildActionMask = 2147483647;
			files = (
			);
			runOnlyForDeploymentPostprocessing = 0;
		};
/* End PBXFrameworksBuildPhase section */

/* Begin PBXGroup section */
		0826575328C225510069D5C5 = {
			isa = PBXGroup;
			children = (
				08E6E68328E560C90093D89B /* Settings+CoreDataClass.swift */,
				08E6E68428E560C90093D89B /* Settings+CoreDataProperties.swift */,
				08B0CC9128E307BB004A319C /* CoreDataStack.swift */,
				08B0CC8F28E30793004A319C /* CoreDataHelper.swift */,
				080E63BD28E305F70041AE85 /* PickedColorPair+CoreDataClass.swift */,
				080E63BE28E305F70041AE85 /* PickedColorPair+CoreDataProperties.swift */,
				0826575E28C225510069D5C5 /* Contraster */,
				0826577028C225540069D5C5 /* ContrasterTests */,
				0826577A28C225540069D5C5 /* ContrasterUITests */,
				0826575D28C225510069D5C5 /* Products */,
			);
			sourceTree = "<group>";
		};
		0826575D28C225510069D5C5 /* Products */ = {
			isa = PBXGroup;
			children = (
				0826575C28C225510069D5C5 /* Contraster.app */,
				0826576D28C225540069D5C5 /* ContrasterTests.xctest */,
				0826577728C225540069D5C5 /* ContrasterUITests.xctest */,
			);
			name = Products;
			sourceTree = "<group>";
		};
		0826575E28C225510069D5C5 /* Contraster */ = {
			isa = PBXGroup;
			children = (
				08D2E2BA28DCC6570088428F /* Constants */,
				088AC0E928C8E33B00153A74 /* Models */,
				0866CAFC28C26A830092633D /* Utils */,
				0866CAF928C265830092633D /* Components */,
				0866CAF428C264730092633D /* Trunk */,
				0866CAF328C264460092633D /* Views */,
				0826576328C225540069D5C5 /* Assets.xcassets */,
				0826576528C225540069D5C5 /* Preview Content */,
				08DF062728C2298300F1B733 /* AppDelegate.swift */,
				08DF062928C229B500F1B733 /* AppDelegate+Functions.swift */,
				080E63BA28E305C60041AE85 /* PersistedDataModel.xcdatamodeld */,
			);
			path = Contraster;
			sourceTree = "<group>";
		};
		0826576528C225540069D5C5 /* Preview Content */ = {
			isa = PBXGroup;
			children = (
			);
			path = "Preview Content";
			sourceTree = "<group>";
		};
		0826577028C225540069D5C5 /* ContrasterTests */ = {
			isa = PBXGroup;
			children = (
				0826577128C225540069D5C5 /* contrasterTests.swift */,
			);
			path = ContrasterTests;
			sourceTree = "<group>";
		};
		0826577A28C225540069D5C5 /* ContrasterUITests */ = {
			isa = PBXGroup;
			children = (
				0826577B28C225540069D5C5 /* contrasterUITests.swift */,
				0826577D28C225540069D5C5 /* contrasterUITestsLaunchTests.swift */,
			);
			path = ContrasterUITests;
			sourceTree = "<group>";
		};
		0866CAF328C264460092633D /* Views */ = {
			isa = PBXGroup;
			children = (
				0866CAEB28C2613A0092633D /* About.swift */,
				0866CAEA28C2613A0092633D /* Main.swift */,
				0848F71F28DC84FF00940802 /* MouseTrap.swift */,
				08EAF87D28E5A4DD00945397 /* Tutorial.swift */,
			);
			path = Views;
			sourceTree = "<group>";
		};
		0866CAF428C264730092633D /* Trunk */ = {
			isa = PBXGroup;
			children = (
				0866CAF628C264820092633D /* Info.plist */,
				0866CAF228C264410092633D /* Main.storyboard */,
				0866CAF528C264820092633D /* Contraster.entitlements */,
			);
			path = Trunk;
			sourceTree = "<group>";
		};
		0866CAF928C265830092633D /* Components */ = {
			isa = PBXGroup;
			children = (
				0866CAEE28C261540092633D /* PagerView.swift */,
				0866CAFA28C265CF0092633D /* ColourPreview.swift */,
				08F6419D28C3AD10008EB225 /* ContrastResults.swift */,
				0804583D28C3B2160046060A /* ContrastResult.swift */,
				082E258E28C632DB00AF46DF /* Line.swift */,
				082E259028C6343300AF46DF /* JoiningLine.swift */,
				08FFE00128DC701500B3B2C4 /* ContrastResultsAnimated.swift */,
				08EADAA728E22E98001289BD /* GButton.swift */,
			);
			path = Components;
			sourceTree = "<group>";
		};
		0866CAFC28C26A830092633D /* Utils */ = {
			isa = PBXGroup;
			children = (
				0866CAFD28C26A950092633D /* Color+Functions.swift */,
				086C010528D511A600C59051 /* NSScreen+Functions.swift */,
				086C010728D511CB00C59051 /* ScreenHelper.swift */,
			);
			path = Utils;
			sourceTree = "<group>";
		};
		088AC0E928C8E33B00153A74 /* Models */ = {
			isa = PBXGroup;
			children = (
				088AC0EA28C8E35300153A74 /* ResultsModel.swift */,
				088AC0EC28C8E3F100153A74 /* Compliance.swift */,
				088AC0F128C905F200153A74 /* ColourPicker.swift */,
				089B04BE28DB507F00213E38 /* AppModel.swift */,
			);
			path = Models;
			sourceTree = "<group>";
		};
		08D2E2BA28DCC6570088428F /* Constants */ = {
			isa = PBXGroup;
			children = (
				08D2E2BB28DCC69E0088428F /* InterfaceConstants.swift */,
			);
			path = Constants;
			sourceTree = "<group>";
		};
/* End PBXGroup section */

/* Begin PBXNativeTarget section */
		0826575B28C225510069D5C5 /* Contraster */ = {
			isa = PBXNativeTarget;
			buildConfigurationList = 0826578128C225540069D5C5 /* Build configuration list for PBXNativeTarget "Contraster" */;
			buildPhases = (
				0826575828C225510069D5C5 /* Sources */,
				0826575928C225510069D5C5 /* Frameworks */,
				0826575A28C225510069D5C5 /* Resources */,
			);
			buildRules = (
			);
			dependencies = (
			);
			name = Contraster;
			productName = Contraster;
			productReference = 0826575C28C225510069D5C5 /* Contraster.app */;
			productType = "com.apple.product-type.application";
		};
		0826576C28C225540069D5C5 /* ContrasterTests */ = {
			isa = PBXNativeTarget;
			buildConfigurationList = 0826578428C225540069D5C5 /* Build configuration list for PBXNativeTarget "ContrasterTests" */;
			buildPhases = (
				0826576928C225540069D5C5 /* Sources */,
				0826576A28C225540069D5C5 /* Frameworks */,
				0826576B28C225540069D5C5 /* Resources */,
			);
			buildRules = (
			);
			dependencies = (
				0826576F28C225540069D5C5 /* PBXTargetDependency */,
			);
			name = ContrasterTests;
			productName = ContrasterTests;
			productReference = 0826576D28C225540069D5C5 /* ContrasterTests.xctest */;
			productType = "com.apple.product-type.bundle.unit-test";
		};
		0826577628C225540069D5C5 /* ContrasterUITests */ = {
			isa = PBXNativeTarget;
			buildConfigurationList = 0826578728C225540069D5C5 /* Build configuration list for PBXNativeTarget "ContrasterUITests" */;
			buildPhases = (
				0826577328C225540069D5C5 /* Sources */,
				0826577428C225540069D5C5 /* Frameworks */,
				0826577528C225540069D5C5 /* Resources */,
			);
			buildRules = (
			);
			dependencies = (
				0826577928C225540069D5C5 /* PBXTargetDependency */,
			);
			name = ContrasterUITests;
			productName = ContrasterUITests;
			productReference = 0826577728C225540069D5C5 /* ContrasterUITests.xctest */;
			productType = "com.apple.product-type.bundle.ui-testing";
		};
/* End PBXNativeTarget section */

/* Begin PBXProject section */
		0826575428C225510069D5C5 /* Project object */ = {
			isa = PBXProject;
			attributes = {
				BuildIndependentTargetsInParallel = 1;
				LastSwiftUpdateCheck = 1340;
				LastUpgradeCheck = 1340;
				TargetAttributes = {
					0826575B28C225510069D5C5 = {
						CreatedOnToolsVersion = 13.4.1;
					};
					0826576C28C225540069D5C5 = {
						CreatedOnToolsVersion = 13.4.1;
						TestTargetID = 0826575B28C225510069D5C5;
					};
					0826577628C225540069D5C5 = {
						CreatedOnToolsVersion = 13.4.1;
						TestTargetID = 0826575B28C225510069D5C5;
					};
				};
			};
			buildConfigurationList = 0826575728C225510069D5C5 /* Build configuration list for PBXProject "Contraster" */;
			compatibilityVersion = "Xcode 13.0";
			developmentRegion = en;
			hasScannedForEncodings = 0;
			knownRegions = (
				en,
				Base,
			);
			mainGroup = 0826575328C225510069D5C5;
			productRefGroup = 0826575D28C225510069D5C5 /* Products */;
			projectDirPath = "";
			projectRoot = "";
			targets = (
				0826575B28C225510069D5C5 /* Contraster */,
				0826576C28C225540069D5C5 /* ContrasterTests */,
				0826577628C225540069D5C5 /* ContrasterUITests */,
			);
		};
/* End PBXProject section */

/* Begin PBXResourcesBuildPhase section */
		0826575A28C225510069D5C5 /* Resources */ = {
			isa = PBXResourcesBuildPhase;
			buildActionMask = 2147483647;
			files = (
				0866CAF828C265500092633D /* Main.storyboard in Resources */,
				0826576428C225540069D5C5 /* Assets.xcassets in Resources */,
				0866CAF728C264820092633D /* Info.plist in Resources */,
			);
			runOnlyForDeploymentPostprocessing = 0;
		};
		0826576B28C225540069D5C5 /* Resources */ = {
			isa = PBXResourcesBuildPhase;
			buildActionMask = 2147483647;
			files = (
			);
			runOnlyForDeploymentPostprocessing = 0;
		};
		0826577528C225540069D5C5 /* Resources */ = {
			isa = PBXResourcesBuildPhase;
			buildActionMask = 2147483647;
			files = (
			);
			runOnlyForDeploymentPostprocessing = 0;
		};
/* End PBXResourcesBuildPhase section */

/* Begin PBXSourcesBuildPhase section */
		0826575828C225510069D5C5 /* Sources */ = {
			isa = PBXSourcesBuildPhase;
			buildActionMask = 2147483647;
			files = (
				0866CAEC28C2613A0092633D /* Main.swift in Sources */,
				088AC0F228C905F200153A74 /* ColourPicker.swift in Sources */,
				0866CAFE28C26A950092633D /* Color+Functions.swift in Sources */,
				08FFE00228DC701500B3B2C4 /* ContrastResultsAnimated.swift in Sources */,
				0866CAFB28C265CF0092633D /* ColourPreview.swift in Sources */,
				08EADAA828E22E98001289BD /* GButton.swift in Sources */,
				086C010828D511CB00C59051 /* ScreenHelper.swift in Sources */,
				082E259128C6343300AF46DF /* JoiningLine.swift in Sources */,
				08EAF87E28E5A4DD00945397 /* Tutorial.swift in Sources */,
				08E6E68628E560C90093D89B /* Settings+CoreDataProperties.swift in Sources */,
				0866CAED28C2613A0092633D /* About.swift in Sources */,
				0848F72028DC84FF00940802 /* MouseTrap.swift in Sources */,
				08B0CC9028E30793004A319C /* CoreDataHelper.swift in Sources */,
				08F6419E28C3AD10008EB225 /* ContrastResults.swift in Sources */,
				088AC0ED28C8E3F100153A74 /* Compliance.swift in Sources */,
				08D2E2BC28DCC69E0088428F /* InterfaceConstants.swift in Sources */,
				080E63BF28E305F70041AE85 /* PickedColorPair+CoreDataClass.swift in Sources */,
				086C010628D511A600C59051 /* NSScreen+Functions.swift in Sources */,
				089B04BF28DB507F00213E38 /* AppModel.swift in Sources */,
				08DF062828C2298300F1B733 /* AppDelegate.swift in Sources */,
				080E63C028E305F70041AE85 /* PickedColorPair+CoreDataProperties.swift in Sources */,
				08B0CC9228E307BB004A319C /* CoreDataStack.swift in Sources */,
				0804583E28C3B2160046060A /* ContrastResult.swift in Sources */,
				088AC0EB28C8E35300153A74 /* ResultsModel.swift in Sources */,
				0866CAEF28C261540092633D /* PagerView.swift in Sources */,
				080E63BC28E305C60041AE85 /* PersistedDataModel.xcdatamodeld in Sources */,
				08DF062A28C229B500F1B733 /* AppDelegate+Functions.swift in Sources */,
				082E258F28C632DB00AF46DF /* Line.swift in Sources */,
				08E6E68528E560C90093D89B /* Settings+CoreDataClass.swift in Sources */,
			);
			runOnlyForDeploymentPostprocessing = 0;
		};
		0826576928C225540069D5C5 /* Sources */ = {
			isa = PBXSourcesBuildPhase;
			buildActionMask = 2147483647;
			files = (
				0826577228C225540069D5C5 /* contrasterTests.swift in Sources */,
			);
			runOnlyForDeploymentPostprocessing = 0;
		};
		0826577328C225540069D5C5 /* Sources */ = {
			isa = PBXSourcesBuildPhase;
			buildActionMask = 2147483647;
			files = (
				0826577E28C225540069D5C5 /* contrasterUITestsLaunchTests.swift in Sources */,
				0826577C28C225540069D5C5 /* contrasterUITests.swift in Sources */,
			);
			runOnlyForDeploymentPostprocessing = 0;
		};
/* End PBXSourcesBuildPhase section */

/* Begin PBXTargetDependency section */
		0826576F28C225540069D5C5 /* PBXTargetDependency */ = {
			isa = PBXTargetDependency;
			target = 0826575B28C225510069D5C5 /* Contraster */;
			targetProxy = 0826576E28C225540069D5C5 /* PBXContainerItemProxy */;
		};
		0826577928C225540069D5C5 /* PBXTargetDependency */ = {
			isa = PBXTargetDependency;
			target = 0826575B28C225510069D5C5 /* Contraster */;
			targetProxy = 0826577828C225540069D5C5 /* PBXContainerItemProxy */;
		};
/* End PBXTargetDependency section */

/* Begin XCBuildConfiguration section */
		0826577F28C225540069D5C5 /* Debug */ = {
			isa = XCBuildConfiguration;
			buildSettings = {
				ALWAYS_SEARCH_USER_PATHS = NO;
				CLANG_ANALYZER_NONNULL = YES;
				CLANG_ANALYZER_NUMBER_OBJECT_CONVERSION = YES_AGGRESSIVE;
				CLANG_CXX_LANGUAGE_STANDARD = "gnu++17";
				CLANG_ENABLE_MODULES = YES;
				CLANG_ENABLE_OBJC_ARC = YES;
				CLANG_ENABLE_OBJC_WEAK = YES;
				CLANG_WARN_BLOCK_CAPTURE_AUTORELEASING = YES;
				CLANG_WARN_BOOL_CONVERSION = YES;
				CLANG_WARN_COMMA = YES;
				CLANG_WARN_CONSTANT_CONVERSION = YES;
				CLANG_WARN_DEPRECATED_OBJC_IMPLEMENTATIONS = YES;
				CLANG_WARN_DIRECT_OBJC_ISA_USAGE = YES_ERROR;
				CLANG_WARN_DOCUMENTATION_COMMENTS = YES;
				CLANG_WARN_EMPTY_BODY = YES;
				CLANG_WARN_ENUM_CONVERSION = YES;
				CLANG_WARN_INFINITE_RECURSION = YES;
				CLANG_WARN_INT_CONVERSION = YES;
				CLANG_WARN_NON_LITERAL_NULL_CONVERSION = YES;
				CLANG_WARN_OBJC_IMPLICIT_RETAIN_SELF = YES;
				CLANG_WARN_OBJC_LITERAL_CONVERSION = YES;
				CLANG_WARN_OBJC_ROOT_CLASS = YES_ERROR;
				CLANG_WARN_QUOTED_INCLUDE_IN_FRAMEWORK_HEADER = YES;
				CLANG_WARN_RANGE_LOOP_ANALYSIS = YES;
				CLANG_WARN_STRICT_PROTOTYPES = YES;
				CLANG_WARN_SUSPICIOUS_MOVE = YES;
				CLANG_WARN_UNGUARDED_AVAILABILITY = YES_AGGRESSIVE;
				CLANG_WARN_UNREACHABLE_CODE = YES;
				CLANG_WARN__DUPLICATE_METHOD_MATCH = YES;
				COPY_PHASE_STRIP = NO;
				DEBUG_INFORMATION_FORMAT = dwarf;
				ENABLE_STRICT_OBJC_MSGSEND = YES;
				ENABLE_TESTABILITY = YES;
				GCC_C_LANGUAGE_STANDARD = gnu11;
				GCC_DYNAMIC_NO_PIC = NO;
				GCC_NO_COMMON_BLOCKS = YES;
				GCC_OPTIMIZATION_LEVEL = 0;
				GCC_PREPROCESSOR_DEFINITIONS = (
					"DEBUG=1",
					"$(inherited)",
				);
				GCC_WARN_64_TO_32_BIT_CONVERSION = YES;
				GCC_WARN_ABOUT_RETURN_TYPE = YES_ERROR;
				GCC_WARN_UNDECLARED_SELECTOR = YES;
				GCC_WARN_UNINITIALIZED_AUTOS = YES_AGGRESSIVE;
				GCC_WARN_UNUSED_FUNCTION = YES;
				GCC_WARN_UNUSED_VARIABLE = YES;
				MACOSX_DEPLOYMENT_TARGET = 12.3;
				MTL_ENABLE_DEBUG_INFO = INCLUDE_SOURCE;
				MTL_FAST_MATH = YES;
				ONLY_ACTIVE_ARCH = YES;
				SDKROOT = macosx;
				SWIFT_ACTIVE_COMPILATION_CONDITIONS = DEBUG;
				SWIFT_OPTIMIZATION_LEVEL = "-Onone";
			};
			name = Debug;
		};
		0826578028C225540069D5C5 /* Release */ = {
			isa = XCBuildConfiguration;
			buildSettings = {
				ALWAYS_SEARCH_USER_PATHS = NO;
				CLANG_ANALYZER_NONNULL = YES;
				CLANG_ANALYZER_NUMBER_OBJECT_CONVERSION = YES_AGGRESSIVE;
				CLANG_CXX_LANGUAGE_STANDARD = "gnu++17";
				CLANG_ENABLE_MODULES = YES;
				CLANG_ENABLE_OBJC_ARC = YES;
				CLANG_ENABLE_OBJC_WEAK = YES;
				CLANG_WARN_BLOCK_CAPTURE_AUTORELEASING = YES;
				CLANG_WARN_BOOL_CONVERSION = YES;
				CLANG_WARN_COMMA = YES;
				CLANG_WARN_CONSTANT_CONVERSION = YES;
				CLANG_WARN_DEPRECATED_OBJC_IMPLEMENTATIONS = YES;
				CLANG_WARN_DIRECT_OBJC_ISA_USAGE = YES_ERROR;
				CLANG_WARN_DOCUMENTATION_COMMENTS = YES;
				CLANG_WARN_EMPTY_BODY = YES;
				CLANG_WARN_ENUM_CONVERSION = YES;
				CLANG_WARN_INFINITE_RECURSION = YES;
				CLANG_WARN_INT_CONVERSION = YES;
				CLANG_WARN_NON_LITERAL_NULL_CONVERSION = YES;
				CLANG_WARN_OBJC_IMPLICIT_RETAIN_SELF = YES;
				CLANG_WARN_OBJC_LITERAL_CONVERSION = YES;
				CLANG_WARN_OBJC_ROOT_CLASS = YES_ERROR;
				CLANG_WARN_QUOTED_INCLUDE_IN_FRAMEWORK_HEADER = YES;
				CLANG_WARN_RANGE_LOOP_ANALYSIS = YES;
				CLANG_WARN_STRICT_PROTOTYPES = YES;
				CLANG_WARN_SUSPICIOUS_MOVE = YES;
				CLANG_WARN_UNGUARDED_AVAILABILITY = YES_AGGRESSIVE;
				CLANG_WARN_UNREACHABLE_CODE = YES;
				CLANG_WARN__DUPLICATE_METHOD_MATCH = YES;
				COPY_PHASE_STRIP = NO;
				DEBUG_INFORMATION_FORMAT = "dwarf-with-dsym";
				ENABLE_NS_ASSERTIONS = NO;
				ENABLE_STRICT_OBJC_MSGSEND = YES;
				GCC_C_LANGUAGE_STANDARD = gnu11;
				GCC_NO_COMMON_BLOCKS = YES;
				GCC_WARN_64_TO_32_BIT_CONVERSION = YES;
				GCC_WARN_ABOUT_RETURN_TYPE = YES_ERROR;
				GCC_WARN_UNDECLARED_SELECTOR = YES;
				GCC_WARN_UNINITIALIZED_AUTOS = YES_AGGRESSIVE;
				GCC_WARN_UNUSED_FUNCTION = YES;
				GCC_WARN_UNUSED_VARIABLE = YES;
				MACOSX_DEPLOYMENT_TARGET = 12.3;
				MTL_ENABLE_DEBUG_INFO = NO;
				MTL_FAST_MATH = YES;
				SDKROOT = macosx;
				SWIFT_COMPILATION_MODE = wholemodule;
				SWIFT_OPTIMIZATION_LEVEL = "-O";
			};
			name = Release;
		};
		0826578228C225540069D5C5 /* Debug */ = {
			isa = XCBuildConfiguration;
			buildSettings = {
				ASSETCATALOG_COMPILER_APPICON_NAME = AppIcon;
				ASSETCATALOG_COMPILER_GLOBAL_ACCENT_COLOR_NAME = AccentColor;
				CODE_SIGN_ENTITLEMENTS = Contraster/Trunk/Contraster.entitlements;
				"CODE_SIGN_IDENTITY[sdk=macosx*]" = "-";
				CODE_SIGN_STYLE = Automatic;
				COMBINE_HIDPI_IMAGES = YES;
				CURRENT_PROJECT_VERSION = 1;
				DEVELOPMENT_ASSET_PATHS = "\"Contraster/Preview Content\"";
				DEVELOPMENT_TEAM = F2NH4J9NYG;
				ENABLE_HARDENED_RUNTIME = YES;
				ENABLE_PREVIEWS = YES;
				GENERATE_INFOPLIST_FILE = YES;
				INFOPLIST_FILE = Contraster/Trunk/Info.plist;
				INFOPLIST_KEY_NSHumanReadableCopyright = "";
				INFOPLIST_KEY_NSMainStoryboardFile = Main;
				LD_RUNPATH_SEARCH_PATHS = (
					"$(inherited)",
					"@executable_path/../Frameworks",
				);
				MARKETING_VERSION = 0.1;
				PRODUCT_BUNDLE_IDENTIFIER = uk.co.georgegillams.Contraster;
				PRODUCT_NAME = "$(TARGET_NAME)";
				SWIFT_EMIT_LOC_STRINGS = YES;
				SWIFT_VERSION = 5.0;
			};
			name = Debug;
		};
		0826578328C225540069D5C5 /* Release */ = {
			isa = XCBuildConfiguration;
			buildSettings = {
				ASSETCATALOG_COMPILER_APPICON_NAME = AppIcon;
				ASSETCATALOG_COMPILER_GLOBAL_ACCENT_COLOR_NAME = AccentColor;
				CODE_SIGN_ENTITLEMENTS = Contraster/Trunk/Contraster.entitlements;
				"CODE_SIGN_IDENTITY[sdk=macosx*]" = "-";
				CODE_SIGN_STYLE = Automatic;
				COMBINE_HIDPI_IMAGES = YES;
				CURRENT_PROJECT_VERSION = 1;
				DEVELOPMENT_ASSET_PATHS = "\"Contraster/Preview Content\"";
				DEVELOPMENT_TEAM = F2NH4J9NYG;
				ENABLE_HARDENED_RUNTIME = YES;
				ENABLE_PREVIEWS = YES;
				GENERATE_INFOPLIST_FILE = YES;
				INFOPLIST_FILE = Contraster/Trunk/Info.plist;
				INFOPLIST_KEY_NSHumanReadableCopyright = "";
				INFOPLIST_KEY_NSMainStoryboardFile = Main;
				LD_RUNPATH_SEARCH_PATHS = (
					"$(inherited)",
					"@executable_path/../Frameworks",
				);
				MARKETING_VERSION = 0.1;
				PRODUCT_BUNDLE_IDENTIFIER = uk.co.georgegillams.Contraster;
				PRODUCT_NAME = "$(TARGET_NAME)";
				SWIFT_EMIT_LOC_STRINGS = YES;
				SWIFT_VERSION = 5.0;
			};
			name = Release;
		};
		0826578528C225540069D5C5 /* Debug */ = {
			isa = XCBuildConfiguration;
			buildSettings = {
				ALWAYS_EMBED_SWIFT_STANDARD_LIBRARIES = YES;
				BUNDLE_LOADER = "$(TEST_HOST)";
				CODE_SIGN_STYLE = Automatic;
				CURRENT_PROJECT_VERSION = 1;
				DEVELOPMENT_TEAM = F2NH4J9NYG;
				GENERATE_INFOPLIST_FILE = YES;
				MACOSX_DEPLOYMENT_TARGET = 12.3;
				MARKETING_VERSION = 1.0;
				PRODUCT_BUNDLE_IDENTIFIER = uk.co.georgegillams.ContrasterTests;
				PRODUCT_NAME = "$(TARGET_NAME)";
				SWIFT_EMIT_LOC_STRINGS = NO;
				SWIFT_VERSION = 5.0;
				TEST_HOST = "$(BUILT_PRODUCTS_DIR)/Contraster.app/Contents/MacOS/Contraster";
			};
			name = Debug;
		};
		0826578628C225540069D5C5 /* Release */ = {
			isa = XCBuildConfiguration;
			buildSettings = {
				ALWAYS_EMBED_SWIFT_STANDARD_LIBRARIES = YES;
				BUNDLE_LOADER = "$(TEST_HOST)";
				CODE_SIGN_STYLE = Automatic;
				CURRENT_PROJECT_VERSION = 1;
				DEVELOPMENT_TEAM = F2NH4J9NYG;
				GENERATE_INFOPLIST_FILE = YES;
				MACOSX_DEPLOYMENT_TARGET = 12.3;
				MARKETING_VERSION = 1.0;
				PRODUCT_BUNDLE_IDENTIFIER = uk.co.georgegillams.ContrasterTests;
				PRODUCT_NAME = "$(TARGET_NAME)";
				SWIFT_EMIT_LOC_STRINGS = NO;
				SWIFT_VERSION = 5.0;
				TEST_HOST = "$(BUILT_PRODUCTS_DIR)/Contraster.app/Contents/MacOS/Contraster";
			};
			name = Release;
		};
		0826578828C225540069D5C5 /* Debug */ = {
			isa = XCBuildConfiguration;
			buildSettings = {
				ALWAYS_EMBED_SWIFT_STANDARD_LIBRARIES = YES;
				CODE_SIGN_STYLE = Automatic;
				CURRENT_PROJECT_VERSION = 1;
				DEVELOPMENT_TEAM = F2NH4J9NYG;
				GENERATE_INFOPLIST_FILE = YES;
				MARKETING_VERSION = 0.1;
				PRODUCT_BUNDLE_IDENTIFIER = uk.co.georgegillams.ContrasterUITests;
				PRODUCT_NAME = "$(TARGET_NAME)";
				SWIFT_EMIT_LOC_STRINGS = NO;
				SWIFT_VERSION = 5.0;
				TEST_TARGET_NAME = Contraster;
			};
			name = Debug;
		};
		0826578928C225540069D5C5 /* Release */ = {
			isa = XCBuildConfiguration;
			buildSettings = {
				ALWAYS_EMBED_SWIFT_STANDARD_LIBRARIES = YES;
				CODE_SIGN_STYLE = Automatic;
				CURRENT_PROJECT_VERSION = 1;
				DEVELOPMENT_TEAM = F2NH4J9NYG;
				GENERATE_INFOPLIST_FILE = YES;
				MARKETING_VERSION = 0.1;
				PRODUCT_BUNDLE_IDENTIFIER = uk.co.georgegillams.ContrasterUITests;
				PRODUCT_NAME = "$(TARGET_NAME)";
				SWIFT_EMIT_LOC_STRINGS = NO;
				SWIFT_VERSION = 5.0;
				TEST_TARGET_NAME = Contraster;
			};
			name = Release;
		};
/* End XCBuildConfiguration section */

/* Begin XCConfigurationList section */
		0826575728C225510069D5C5 /* Build configuration list for PBXProject "Contraster" */ = {
			isa = XCConfigurationList;
			buildConfigurations = (
				0826577F28C225540069D5C5 /* Debug */,
				0826578028C225540069D5C5 /* Release */,
			);
			defaultConfigurationIsVisible = 0;
			defaultConfigurationName = Release;
		};
		0826578128C225540069D5C5 /* Build configuration list for PBXNativeTarget "Contraster" */ = {
			isa = XCConfigurationList;
			buildConfigurations = (
				0826578228C225540069D5C5 /* Debug */,
				0826578328C225540069D5C5 /* Release */,
			);
			defaultConfigurationIsVisible = 0;
			defaultConfigurationName = Release;
		};
		0826578428C225540069D5C5 /* Build configuration list for PBXNativeTarget "ContrasterTests" */ = {
			isa = XCConfigurationList;
			buildConfigurations = (
				0826578528C225540069D5C5 /* Debug */,
				0826578628C225540069D5C5 /* Release */,
			);
			defaultConfigurationIsVisible = 0;
			defaultConfigurationName = Release;
		};
		0826578728C225540069D5C5 /* Build configuration list for PBXNativeTarget "ContrasterUITests" */ = {
			isa = XCConfigurationList;
			buildConfigurations = (
				0826578828C225540069D5C5 /* Debug */,
				0826578928C225540069D5C5 /* Release */,
			);
			defaultConfigurationIsVisible = 0;
			defaultConfigurationName = Release;
		};
/* End XCConfigurationList section */

/* Begin XCVersionGroup section */
		080E63BA28E305C60041AE85 /* PersistedDataModel.xcdatamodeld */ = {
			isa = XCVersionGroup;
			children = (
				080E63BB28E305C60041AE85 /* PersistedDataModel.xcdatamodel */,
			);
			currentVersion = 080E63BB28E305C60041AE85 /* PersistedDataModel.xcdatamodel */;
			path = PersistedDataModel.xcdatamodeld;
			sourceTree = "<group>";
			versionGroupType = wrapper.xcdatamodel;
		};
/* End XCVersionGroup section */
	};
	rootObject = 0826575428C225510069D5C5 /* Project object */;
}
